
Microsoft Visual Studio Solution File, Format Version 12.00
# Visual Studio 2013
VisualStudioVersion = 12.0.30501.0
MinimumVisualStudioVersion = 10.0.40219.1
Project("{FAE04EC0-301F-11D3-BF4B-00C04F79EFBC}") = "Wasalna.web", "Wasalna.web\Wasalna.web.csproj", "{A60FC863-818A-4C3A-B2F8-F1CB932E001E}"
EndProject
Project("{FAE04EC0-301F-11D3-BF4B-00C04F79EFBC}") = "Wasalna.web.Tests", "Wasalna.web.Tests\Wasalna.web.Tests.csproj", "{9E899E46-063F-4001-9289-1977073D3BB4}"
EndProject
Global
	GlobalSection(SolutionConfigurationPlatforms) = preSolution
		Debug|Any CPU = Debug|Any CPU
		Release|Any CPU = Release|Any CPU
	EndGlobalSection
	GlobalSection(ProjectConfigurationPlatforms) = postSolution
		{A60FC863-818A-4C3A-B2F8-F1CB932E001E}.Debug|Any CPU.ActiveCfg = Debug|Any CPU
		{A60FC863-818A-4C3A-B2F8-F1CB932E001E}.Debug|Any CPU.Build.0 = Debug|Any CPU
		{A60FC863-818A-4C3A-B2F8-F1CB932E001E}.Release|Any CPU.ActiveCfg = Release|Any CPU
		{A60FC863-818A-4C3A-B2F8-F1CB932E001E}.Release|Any CPU.Build.0 = Release|Any CPU
		{9E899E46-063F-4001-9289-1977073D3BB4}.Debug|Any CPU.ActiveCfg = Debug|Any CPU
		{9E899E46-063F-4001-9289-1977073D3BB4}.Debug|Any CPU.Build.0 = Debug|Any CPU
		{9E899E46-063F-4001-9289-1977073D3BB4}.Release|Any CPU.ActiveCfg = Release|Any CPU
		{9E899E46-063F-4001-9289-1977073D3BB4}.Release|Any CPU.Build.0 = Release|Any CPU
	EndGlobalSection
	GlobalSection(SolutionProperties) = preSolution
		HideSolutionNode = FALSE
	EndGlobalSection
EndGlobal
